<?xml version="1.0" encoding="utf-8"?>
<Project ToolsVersion="4.0" xmlns="http://schemas.microsoft.com/developer/msbuild/2003">
  <ItemGroup>
    <Filter Include="Source Files">
      <UniqueIdentifier>{4FC737F1-C7A5-4376-A066-2A32D752A2FF}</UniqueIdentifier>
      <Extensions>cpp;c;cc;cxx;c++;cppm;ixx;def;odl;idl;hpj;bat;asm;asmx</Extensions>
    </Filter>
    <Filter Include="Header Files">
      <UniqueIdentifier>{93995380-89BD-4b04-88EB-625FBE52EBFB}</UniqueIdentifier>
      <Extensions>h;hh;hpp;hxx;h++;hm;inl;inc;ipp;xsd</Extensions>
    </Filter>
    <Filter Include="Resource Files">
      <UniqueIdentifier>{67DA6AB6-F800-4c08-8B7A-83BB121AAD01}</UniqueIdentifier>
      <Extensions>rc;ico;cur;bmp;dlg;rc2;rct;bin;rgs;gif;jpg;jpeg;jpe;resx;tiff;tif;png;wav;mfcribbon-ms</Extensions>
    </Filter>
    <Filter Include="Header Files\Common">
      <UniqueIdentifier>{a01a1c84-220c-42f3-9343-9f250b4ee840}</UniqueIdentifier>
    </Filter>
    <Filter Include="Header Files\Autologin">
      <UniqueIdentifier>{9994c2f5-612c-49d7-8e41-3e166727b37a}</UniqueIdentifier>
    </Filter>
    <Filter Include="Header Files\Events">
      <UniqueIdentifier>{8dde292d-8eaf-4943-a0ff-2848933cd59c}</UniqueIdentifier>
    </Filter>
    <Filter Include="Header Files\Vision">
      <UniqueIdentifier>{3d21c3aa-d3cb-4408-a790-94b6922e603e}</UniqueIdentifier>
    </Filter>
    <Filter Include="Header Files\Test">
      <UniqueIdentifier>{d5cfedd9-feb7-46a5-814e-735625a6f702}</UniqueIdentifier>
    </Filter>
    <Filter Include="Resource Files\Test">
      <UniqueIdentifier>{7cacc891-c006-4415-bd0f-206b879c7fc3}</UniqueIdentifier>
    </Filter>
    <Filter Include="Resource Files\Test\Vision">
      <UniqueIdentifier>{1624e0e6-1fbc-44b3-b730-b590f5bd8e98}</UniqueIdentifier>
    </Filter>
  </ItemGroup>
  <ItemGroup>
    <ClCompile Include="L2Alone.cpp">
      <Filter>Source Files</Filter>
    </ClCompile>
    <ClCompile Include="L2AloneTest.cpp">
      <Filter>Source Files</Filter>
    </ClCompile>
  </ItemGroup>
  <ItemGroup>
    <ClInclude Include="config_utils.h">
      <Filter>Header Files</Filter>
    </ClInclude>
    <ClInclude Include="resource.h">
      <Filter>Header Files</Filter>
    </ClInclude>
    <ClInclude Include="resource1.h">
      <Filter>Header Files</Filter>
    </ClInclude>
    <ClInclude Include="L2KeyboardEventHandler.h">
      <Filter>Header Files\Events</Filter>
    </ClInclude>
    <ClInclude Include="L2EventService.h">
      <Filter>Header Files\Events</Filter>
    </ClInclude>
    <ClInclude Include="L2Events.h">
      <Filter>Header Files\Events</Filter>
    </ClInclude>
    <ClInclude Include="L2QuitKeyHandler.h">
      <Filter>Header Files\Events</Filter>
    </ClInclude>
    <ClInclude Include="L2PvpModeHandler.h">
      <Filter>Header Files\Events</Filter>
    </ClInclude>
    <ClInclude Include="L2FocusEventHandler.h">
      <Filter>Header Files\Events</Filter>
    </ClInclude>
    <ClInclude Include="Logger.h">
      <Filter>Header Files\Common</Filter>
    </ClInclude>
    <ClInclude Include="Utils.h">
      <Filter>Header Files\Common</Filter>
    </ClInclude>
    <ClInclude Include="AutologinStrategy.h">
      <Filter>Header Files\Autologin</Filter>
    </ClInclude>
    <ClInclude Include="C5AutologinStrategy.h">
      <Filter>Header Files\Autologin</Filter>
    </ClInclude>
    <ClInclude Include="C2AutoLoginStrategy.h">
      <Filter>Header Files\Autologin</Filter>
    </ClInclude>
    <ClInclude Include="WindowDefinition.h">
      <Filter>Header Files\Vision</Filter>
    </ClInclude>
    <ClInclude Include="WindowsClassifier.h">
      <Filter>Header Files\Vision</Filter>
    </ClInclude>
    <ClInclude Include="VisionUtils.h">
      <Filter>Header Files\Vision</Filter>
    </ClInclude>
    <ClInclude Include="WindowsDefinitions.h">
      <Filter>Header Files\Vision</Filter>
    </ClInclude>
    <ClInclude Include="VisionTestUtils.h">
      <Filter>Header Files\Test</Filter>
    </ClInclude>
    <ClInclude Include="ButtonHueDistributionCapturer.h">
      <Filter>Header Files\Vision</Filter>
    </ClInclude>
    <ClInclude Include="CachedVisionInitializer.h">
      <Filter>Header Files\Vision</Filter>
    </ClInclude>
    <ClInclude Include="InMemoryVisionCache.h">
      <Filter>Header Files\Vision</Filter>
    </ClInclude>
    <ClInclude Include="RuntimeVisionInitializer.h">
      <Filter>Header Files\Vision</Filter>
    </ClInclude>
    <ClInclude Include="HwndVisionProvider.h">
      <Filter>Header Files\Vision</Filter>
    </ClInclude>
    <ClInclude Include="BmpVisionProvider.h">
      <Filter>Header Files\Test</Filter>
    </ClInclude>
    <ClInclude Include="BmpVisionInitializer.h">
      <Filter>Header Files\Test</Filter>
    </ClInclude>
    <ClInclude Include="VisionInitializer.h">
      <Filter>Header Files\Vision</Filter>
    </ClInclude>
    <ClInclude Include="VisionProvider.h">
      <Filter>Header Files\Vision</Filter>
    </ClInclude>
  </ItemGroup>
  <ItemGroup>
    <ResourceCompile Include="L2Alone.rc">
      <Filter>Resource Files</Filter>
    </ResourceCompile>
  </ItemGroup>
  <ItemGroup>
    <Image Include="..\..\..\..\L2AloneBuild\App.ico">
      <Filter>Resource Files</Filter>
    </Image>
    <Image Include="TestResources\Vision\welcome.bmp">
      <Filter>Resource Files\Test\Vision</Filter>
    </Image>
  </ItemGroup>
</Project>